
Microsoft Visual Studio Solution File, Format Version 12.00
# Visual Studio Version 17
VisualStudioVersion = 17.7.34031.279
MinimumVisualStudioVersion = 10.0.40219.1
Project("{9A19103F-16F7-4668-BE54-9A1E7A4F7556}") = "E1T9", "E1T9\E1T9.csproj", "{2A9B68D9-DB0A-4F0D-85C8-AEDEA53CE3AB}"
EndProject
Project("{9A19103F-16F7-4668-BE54-9A1E7A4F7556}") = "E2T9", "E2T9\E2T9.csproj", "{A65112E4-4039-4BB0-86F2-83732E878531}"
EndProject
Project("{9A19103F-16F7-4668-BE54-9A1E7A4F7556}") = "E3T9", "E3T9\E3T9.csproj", "{23AF09FD-6837-423F-940E-ABF3E22A8AA7}"
EndProject
Project("{FAE04EC0-301F-11D3-BF4B-00C04F79EFBC}") = "E4T9", "E4T9\E4T9.csproj", "{4D5E09E9-0F34-40D1-9E72-96C77A765529}"
EndProject
Global
	GlobalSection(SolutionConfigurationPlatforms) = preSolution
		Debug|Any CPU = Debug|Any CPU
		Release|Any CPU = Release|Any CPU
	EndGlobalSection
	GlobalSection(ProjectConfigurationPlatforms) = postSolution
		{2A9B68D9-DB0A-4F0D-85C8-AEDEA53CE3AB}.Debug|Any CPU.ActiveCfg = Debug|Any CPU
		{2A9B68D9-DB0A-4F0D-85C8-AEDEA53CE3AB}.Debug|Any CPU.Build.0 = Debug|Any CPU
		{2A9B68D9-DB0A-4F0D-85C8-AEDEA53CE3AB}.Debug|Any CPU.Deploy.0 = Debug|Any CPU
		{2A9B68D9-DB0A-4F0D-85C8-AEDEA53CE3AB}.Release|Any CPU.ActiveCfg = Release|Any CPU
		{2A9B68D9-DB0A-4F0D-85C8-AEDEA53CE3AB}.Release|Any CPU.Build.0 = Release|Any CPU
		{2A9B68D9-DB0A-4F0D-85C8-AEDEA53CE3AB}.Release|Any CPU.Deploy.0 = Release|Any CPU
		{A65112E4-4039-4BB0-86F2-83732E878531}.Debug|Any CPU.ActiveCfg = Debug|Any CPU
		{A65112E4-4039-4BB0-86F2-83732E878531}.Debug|Any CPU.Build.0 = Debug|Any CPU
		{A65112E4-4039-4BB0-86F2-83732E878531}.Debug|Any CPU.Deploy.0 = Debug|Any CPU
		{A65112E4-4039-4BB0-86F2-83732E878531}.Release|Any CPU.ActiveCfg = Release|Any CPU
		{A65112E4-4039-4BB0-86F2-83732E878531}.Release|Any CPU.Build.0 = Release|Any CPU
		{A65112E4-4039-4BB0-86F2-83732E878531}.Release|Any CPU.Deploy.0 = Release|Any CPU
		{23AF09FD-6837-423F-940E-ABF3E22A8AA7}.Debug|Any CPU.ActiveCfg = Debug|Any CPU
		{23AF09FD-6837-423F-940E-ABF3E22A8AA7}.Debug|Any CPU.Build.0 = Debug|Any CPU
		{23AF09FD-6837-423F-940E-ABF3E22A8AA7}.Debug|Any CPU.Deploy.0 = Debug|Any CPU
		{23AF09FD-6837-423F-940E-ABF3E22A8AA7}.Release|Any CPU.ActiveCfg = Release|Any CPU
		{23AF09FD-6837-423F-940E-ABF3E22A8AA7}.Release|Any CPU.Build.0 = Release|Any CPU
		{23AF09FD-6837-423F-940E-ABF3E22A8AA7}.Release|Any CPU.Deploy.0 = Release|Any CPU
		{4D5E09E9-0F34-40D1-9E72-96C77A765529}.Debug|Any CPU.ActiveCfg = Debug|Any CPU
		{4D5E09E9-0F34-40D1-9E72-96C77A765529}.Debug|Any CPU.Build.0 = Debug|Any CPU
		{4D5E09E9-0F34-40D1-9E72-96C77A765529}.Debug|Any CPU.Deploy.0 = Debug|Any CPU
		{4D5E09E9-0F34-40D1-9E72-96C77A765529}.Release|Any CPU.ActiveCfg = Release|Any CPU
		{4D5E09E9-0F34-40D1-9E72-96C77A765529}.Release|Any CPU.Build.0 = Release|Any CPU
		{4D5E09E9-0F34-40D1-9E72-96C77A765529}.Release|Any CPU.Deploy.0 = Release|Any CPU
	EndGlobalSection
	GlobalSection(SolutionProperties) = preSolution
		HideSolutionNode = FALSE
	EndGlobalSection
	GlobalSection(ExtensibilityGlobals) = postSolution
		SolutionGuid = {D61B2CCB-2D22-4C37-B00E-F955F5081F9C}
	EndGlobalSection
EndGlobal
